Microsoft Visual Studio Solution File, Format Version 12.00
# Visual Studio Version 17
VisualStudioVersion = 17.5.2.0
MinimumVisualStudioVersion = 10.0.40219.1
Project("{2150E333-8FDC-42A3-9474-1A3956D46DE8}") = "Generated", "Generated", "{10872A52-0024-0064-E5E9-275657532B83}"
EndProject
Project("{2150E333-8FDC-42A3-9474-1A3956D46DE8}") = "src", "src", "{D2C2D6E4-A956-7A77-79EC-8F5D9F5AD261}"
EndProject
Project("{FAE04EC0-301F-11D3-BF4B-00C04F79EFBC}") = "BcfClient.Generated", "Generated\src\BcfClient.Generated\BcfClient.Generated.csproj", "{4E0E0956-5177-2712-A167-8368CBB00539}"
EndProject
Global
	GlobalSection(SolutionConfigurationPlatforms) = preSolution
		Debug|Any CPU = Debug|Any CPU
		Release|Any CPU = Release|Any CPU
	EndGlobalSection
	GlobalSection(ProjectConfigurationPlatforms) = postSolution
		{4E0E0956-5177-2712-A167-8368CBB00539}.Debug|Any CPU.ActiveCfg = Debug|Any CPU
		{4E0E0956-5177-2712-A167-8368CBB00539}.Debug|Any CPU.Build.0 = Debug|Any CPU
		{4E0E0956-5177-2712-A167-8368CBB00539}.Release|Any CPU.ActiveCfg = Release|Any CPU
		{4E0E0956-5177-2712-A167-8368CBB00539}.Release|Any CPU.Build.0 = Release|Any CPU
	EndGlobalSection
	GlobalSection(SolutionProperties) = preSolution
		HideSolutionNode = FALSE
	EndGlobalSection
	GlobalSection(NestedProjects) = preSolution
		{D2C2D6E4-A956-7A77-79EC-8F5D9F5AD261} = {10872A52-0024-0064-E5E9-275657532B83}
		{4E0E0956-5177-2712-A167-8368CBB00539} = {D2C2D6E4-A956-7A77-79EC-8F5D9F5AD261}
	EndGlobalSection
	GlobalSection(ExtensibilityGlobals) = postSolution
		SolutionGuid = {EF43148F-DC4E-4D83-9AB0-113710CA6B41}
	EndGlobalSection
EndGlobal
